
Microsoft Visual Studio Solution File, Format Version 12.00
# Visual Studio Version 16
VisualStudioVersion = 16.0.30621.155
MinimumVisualStudioVersion = 10.0.40219.1
Project("{FAE04EC0-301F-11D3-BF4B-00C04F79EFBC}") = "MyClient", "MyClient\MyClient.csproj", "{36E4AE35-E377-4D11-8635-8620F8E05D0F}"
EndProject
Global
	GlobalSection(SolutionConfigurationPlatforms) = preSolution
		Debug|Any CPU = Debug|Any CPU
		Release|Any CPU = Release|Any CPU
	EndGlobalSection
	GlobalSection(ProjectConfigurationPlatforms) = postSolution
		{36E4AE35-E377-4D11-8635-8620F8E05D0F}.Debug|Any CPU.ActiveCfg = Debug|Any CPU
		{36E4AE35-E377-4D11-8635-8620F8E05D0F}.Debug|Any CPU.Build.0 = Debug|Any CPU
		{36E4AE35-E377-4D11-8635-8620F8E05D0F}.Release|Any CPU.ActiveCfg = Release|Any CPU
		{36E4AE35-E377-4D11-8635-8620F8E05D0F}.Release|Any CPU.Build.0 = Release|Any CPU
	EndGlobalSection
	GlobalSection(SolutionProperties) = preSolution
		HideSolutionNode = FALSE
	EndGlobalSection
	GlobalSection(ExtensibilityGlobals) = postSolution
		SolutionGuid = {85BFA58A-8248-4279-820D-9EDD1BE0754D}
	EndGlobalSection
EndGlobal
