
Microsoft Visual Studio Solution File, Format Version 12.00
# Visual Studio Version 16
VisualStudioVersion = 16.0.30804.86
MinimumVisualStudioVersion = 10.0.40219.1
Project("{9A19103F-16F7-4668-BE54-9A1E7A4F7556}") = "KulsoProgram", "KulsoProgram\KulsoProgram.csproj", "{788AF971-D87E-4844-84C3-EE540C47001E}"
EndProject
Project("{9A19103F-16F7-4668-BE54-9A1E7A4F7556}") = "ZabbixAgent", "ZabbixAgent\ZabbixAgent.csproj", "{DAEBB927-6EE5-4218-860A-108ABE2C851E}"
EndProject
Project("{FAE04EC0-301F-11D3-BF4B-00C04F79EFBC}") = "JSONClasses", "JSONClasses\JSONClasses.csproj", "{B011694D-DC5E-462C-B239-4203AA9BF21E}"
EndProject
Global
	GlobalSection(SolutionConfigurationPlatforms) = preSolution
		Debug|Any CPU = Debug|Any CPU
		Release|Any CPU = Release|Any CPU
	EndGlobalSection
	GlobalSection(ProjectConfigurationPlatforms) = postSolution
		{788AF971-D87E-4844-84C3-EE540C47001E}.Debug|Any CPU.ActiveCfg = Debug|Any CPU
		{788AF971-D87E-4844-84C3-EE540C47001E}.Debug|Any CPU.Build.0 = Debug|Any CPU
		{788AF971-D87E-4844-84C3-EE540C47001E}.Release|Any CPU.ActiveCfg = Release|Any CPU
		{788AF971-D87E-4844-84C3-EE540C47001E}.Release|Any CPU.Build.0 = Release|Any CPU
		{DAEBB927-6EE5-4218-860A-108ABE2C851E}.Debug|Any CPU.ActiveCfg = Debug|Any CPU
		{DAEBB927-6EE5-4218-860A-108ABE2C851E}.Debug|Any CPU.Build.0 = Debug|Any CPU
		{DAEBB927-6EE5-4218-860A-108ABE2C851E}.Release|Any CPU.ActiveCfg = Release|Any CPU
		{DAEBB927-6EE5-4218-860A-108ABE2C851E}.Release|Any CPU.Build.0 = Release|Any CPU
		{B011694D-DC5E-462C-B239-4203AA9BF21E}.Debug|Any CPU.ActiveCfg = Debug|Any CPU
		{B011694D-DC5E-462C-B239-4203AA9BF21E}.Debug|Any CPU.Build.0 = Debug|Any CPU
		{B011694D-DC5E-462C-B239-4203AA9BF21E}.Release|Any CPU.ActiveCfg = Release|Any CPU
		{B011694D-DC5E-462C-B239-4203AA9BF21E}.Release|Any CPU.Build.0 = Release|Any CPU
	EndGlobalSection
	GlobalSection(SolutionProperties) = preSolution
		HideSolutionNode = FALSE
	EndGlobalSection
	GlobalSection(ExtensibilityGlobals) = postSolution
		SolutionGuid = {A107242F-3FF1-453D-ADE3-80EA835F946F}
	EndGlobalSection
EndGlobal
